
Microsoft Visual Studio Solution File, Format Version 12.00
# Visual Studio Version 17
VisualStudioVersion = 17.0.31903.59
MinimumVisualStudioVersion = 10.0.40219.1
Project("{FAE04EC0-301F-11D3-BF4B-00C04F79EFBC}") = "Laba4-GeometryRecognition", "Laba4-GeometryRecognition.csproj", "{84140B1A-DC7F-466E-B276-F5B83359AAB1}"
EndProject
Global
	GlobalSection(SolutionConfigurationPlatforms) = preSolution
		Debug|Any CPU = Debug|Any CPU
		Release|Any CPU = Release|Any CPU
	EndGlobalSection
	GlobalSection(ProjectConfigurationPlatforms) = postSolution
		{84140B1A-DC7F-466E-B276-F5B83359AAB1}.Debug|Any CPU.ActiveCfg = Debug|Any CPU
		{84140B1A-DC7F-466E-B276-F5B83359AAB1}.Debug|Any CPU.Build.0 = Debug|Any CPU
		{84140B1A-DC7F-466E-B276-F5B83359AAB1}.Release|Any CPU.ActiveCfg = Release|Any CPU
		{84140B1A-DC7F-466E-B276-F5B83359AAB1}.Release|Any CPU.Build.0 = Release|Any CPU
	EndGlobalSection
	GlobalSection(SolutionProperties) = preSolution
		HideSolutionNode = FALSE
	EndGlobalSection
	GlobalSection(ExtensibilityGlobals) = postSolution
		SolutionGuid = {297F5203-EB30-49DE-8AD3-8A2B4F5C1FEB}
	EndGlobalSection
EndGlobal
