
Microsoft Visual Studio Solution File, Format Version 12.00
# Visual Studio Version 17
VisualStudioVersion = 17.0.31903.59
MinimumVisualStudioVersion = 10.0.40219.1
Project("{FAE04EC0-301F-11D3-BF4B-00C04F79EFBC}") = "Laba5-ContourRecognition", "Laba5-ContourRecognition.csproj", "{32D81A2C-B953-41E9-8FFB-4224A2DDF74B}"
EndProject
Global
	GlobalSection(SolutionConfigurationPlatforms) = preSolution
		Debug|Any CPU = Debug|Any CPU
		Release|Any CPU = Release|Any CPU
	EndGlobalSection
	GlobalSection(ProjectConfigurationPlatforms) = postSolution
		{32D81A2C-B953-41E9-8FFB-4224A2DDF74B}.Debug|Any CPU.ActiveCfg = Debug|Any CPU
		{32D81A2C-B953-41E9-8FFB-4224A2DDF74B}.Debug|Any CPU.Build.0 = Debug|Any CPU
		{32D81A2C-B953-41E9-8FFB-4224A2DDF74B}.Release|Any CPU.ActiveCfg = Release|Any CPU
		{32D81A2C-B953-41E9-8FFB-4224A2DDF74B}.Release|Any CPU.Build.0 = Release|Any CPU
	EndGlobalSection
	GlobalSection(SolutionProperties) = preSolution
		HideSolutionNode = FALSE
	EndGlobalSection
	GlobalSection(ExtensibilityGlobals) = postSolution
		SolutionGuid = {D4AA50EE-C343-4F04-A8A3-501DFADDB083}
	EndGlobalSection
EndGlobal
